
Microsoft Visual Studio Solution File, Format Version 12.00
# Visual Studio Version 17
VisualStudioVersion = 17.3.32929.385
MinimumVisualStudioVersion = 10.0.40219.1
Project("{2150E333-8FDC-42A3-9474-1A3956D46DE8}") = "Ćwiczenie 1", "Ćwiczenie 1", "{123E3AA2-376A-4BEF-A096-6DB2F876D810}"
EndProject
Project("{9A19103F-16F7-4668-BE54-9A1E7A4F7556}") = "1 - Numer telefonu na stronie", "Ćwiczenie 1\1 - Numer telefonu na stronie\1 - Numer telefonu na stronie.csproj", "{008097C5-B66A-480A-AE18-4D6BB9E194F0}"
EndProject
Project("{2150E333-8FDC-42A3-9474-1A3956D46DE8}") = "Ćwiczenie 2", "Ćwiczenie 2", "{DD09AE0A-2AEA-4956-B344-044B006E0A14}"
EndProject
Project("{9A19103F-16F7-4668-BE54-9A1E7A4F7556}") = "LegacyApp", "Ćwiczenie 2\LegacyApp\LegacyApp.csproj", "{91AB18D1-431C-4B2E-BCC3-BFF3E4B7CE2B}"
EndProject
Project("{9A19103F-16F7-4668-BE54-9A1E7A4F7556}") = "LegacyAppConsumer", "Ćwiczenie 2\LegacyAppConsumer\LegacyAppConsumer.csproj", "{3ADF82DC-CDE4-4D41-95FF-731A608EC584}"
EndProject
Project("{2150E333-8FDC-42A3-9474-1A3956D46DE8}") = "Ćwiczenie 3", "Ćwiczenie 3", "{3946D40E-4338-4B01-99E1-55280456C059}"
EndProject
Project("{FAE04EC0-301F-11D3-BF4B-00C04F79EFBC}") = "Dziekanat", "Ćwiczenie 3\Dziekanat\Dziekanat.csproj", "{111CEDE4-0F1E-406E-A4C7-D14483E2BF02}"
EndProject
Global
	GlobalSection(SolutionConfigurationPlatforms) = preSolution
		Debug|Any CPU = Debug|Any CPU
		Release|Any CPU = Release|Any CPU
	EndGlobalSection
	GlobalSection(ProjectConfigurationPlatforms) = postSolution
		{008097C5-B66A-480A-AE18-4D6BB9E194F0}.Debug|Any CPU.ActiveCfg = Debug|Any CPU
		{008097C5-B66A-480A-AE18-4D6BB9E194F0}.Debug|Any CPU.Build.0 = Debug|Any CPU
		{008097C5-B66A-480A-AE18-4D6BB9E194F0}.Release|Any CPU.ActiveCfg = Release|Any CPU
		{008097C5-B66A-480A-AE18-4D6BB9E194F0}.Release|Any CPU.Build.0 = Release|Any CPU
		{91AB18D1-431C-4B2E-BCC3-BFF3E4B7CE2B}.Debug|Any CPU.ActiveCfg = Debug|Any CPU
		{91AB18D1-431C-4B2E-BCC3-BFF3E4B7CE2B}.Debug|Any CPU.Build.0 = Debug|Any CPU
		{91AB18D1-431C-4B2E-BCC3-BFF3E4B7CE2B}.Release|Any CPU.ActiveCfg = Release|Any CPU
		{91AB18D1-431C-4B2E-BCC3-BFF3E4B7CE2B}.Release|Any CPU.Build.0 = Release|Any CPU
		{3ADF82DC-CDE4-4D41-95FF-731A608EC584}.Debug|Any CPU.ActiveCfg = Debug|Any CPU
		{3ADF82DC-CDE4-4D41-95FF-731A608EC584}.Debug|Any CPU.Build.0 = Debug|Any CPU
		{3ADF82DC-CDE4-4D41-95FF-731A608EC584}.Release|Any CPU.ActiveCfg = Release|Any CPU
		{3ADF82DC-CDE4-4D41-95FF-731A608EC584}.Release|Any CPU.Build.0 = Release|Any CPU
		{111CEDE4-0F1E-406E-A4C7-D14483E2BF02}.Debug|Any CPU.ActiveCfg = Debug|Any CPU
		{111CEDE4-0F1E-406E-A4C7-D14483E2BF02}.Debug|Any CPU.Build.0 = Debug|Any CPU
		{111CEDE4-0F1E-406E-A4C7-D14483E2BF02}.Release|Any CPU.ActiveCfg = Release|Any CPU
		{111CEDE4-0F1E-406E-A4C7-D14483E2BF02}.Release|Any CPU.Build.0 = Release|Any CPU
	EndGlobalSection
	GlobalSection(SolutionProperties) = preSolution
		HideSolutionNode = FALSE
	EndGlobalSection
	GlobalSection(NestedProjects) = preSolution
		{008097C5-B66A-480A-AE18-4D6BB9E194F0} = {123E3AA2-376A-4BEF-A096-6DB2F876D810}
		{91AB18D1-431C-4B2E-BCC3-BFF3E4B7CE2B} = {DD09AE0A-2AEA-4956-B344-044B006E0A14}
		{3ADF82DC-CDE4-4D41-95FF-731A608EC584} = {DD09AE0A-2AEA-4956-B344-044B006E0A14}
		{111CEDE4-0F1E-406E-A4C7-D14483E2BF02} = {3946D40E-4338-4B01-99E1-55280456C059}
	EndGlobalSection
	GlobalSection(ExtensibilityGlobals) = postSolution
		SolutionGuid = {E170CE59-B751-4870-AE0A-5ECF59D1FAD2}
	EndGlobalSection
EndGlobal
